
Microsoft Visual Studio Solution File, Format Version 12.00
# Visual Studio Version 17
VisualStudioVersion = 17.1.32328.378
MinimumVisualStudioVersion = 10.0.40219.1
Project("{9A19103F-16F7-4668-BE54-9A1E7A4F7556}") = "StockManager.Database", "src\StockManager.Database\StockManager.Database.csproj", "{FF39BE35-CA9F-4316-AA47-C8F4C8229374}"
EndProject
Project("{9A19103F-16F7-4668-BE54-9A1E7A4F7556}") = "StockManager.Manager", "src\StockManager.Manager\StockManager.Manager.csproj", "{BE6A32EC-A153-4449-B2CC-D0C6F6D1B6F3}"
EndProject
Project("{2150E333-8FDC-42A3-9474-1A3956D46DE8}") = "Solution Items", "Solution Items", "{C52A79EB-3F79-4598-9335-42DD199E4659}"
	ProjectSection(SolutionItems) = preProject
		.editorconfig = .editorconfig
		.gitignore = .gitignore
	EndProjectSection
EndProject
Project("{9A19103F-16F7-4668-BE54-9A1E7A4F7556}") = "StockManager.Tests.DatabaseManager", "tests\StockManager.Tests.DatabaseManager\StockManager.Tests.DatabaseManager.csproj", "{E26D0533-92E9-4A6E-8A94-DF62732B32C4}"
	ProjectSection(ProjectDependencies) = postProject
		{FF39BE35-CA9F-4316-AA47-C8F4C8229374} = {FF39BE35-CA9F-4316-AA47-C8F4C8229374}
		{BE6A32EC-A153-4449-B2CC-D0C6F6D1B6F3} = {BE6A32EC-A153-4449-B2CC-D0C6F6D1B6F3}
	EndProjectSection
EndProject
Project("{FAE04EC0-301F-11D3-BF4B-00C04F79EFBC}") = "StockManager.UI", "src\StockManager.UI\StockManager.UI.csproj", "{8328C518-1DCE-4A3F-A316-995912C7627B}"
EndProject
Global
	GlobalSection(SolutionConfigurationPlatforms) = preSolution
		Debug|Any CPU = Debug|Any CPU
		Release|Any CPU = Release|Any CPU
	EndGlobalSection
	GlobalSection(ProjectConfigurationPlatforms) = postSolution
		{FF39BE35-CA9F-4316-AA47-C8F4C8229374}.Debug|Any CPU.ActiveCfg = Debug|Any CPU
		{FF39BE35-CA9F-4316-AA47-C8F4C8229374}.Debug|Any CPU.Build.0 = Debug|Any CPU
		{FF39BE35-CA9F-4316-AA47-C8F4C8229374}.Release|Any CPU.ActiveCfg = Release|Any CPU
		{FF39BE35-CA9F-4316-AA47-C8F4C8229374}.Release|Any CPU.Build.0 = Release|Any CPU
		{BE6A32EC-A153-4449-B2CC-D0C6F6D1B6F3}.Debug|Any CPU.ActiveCfg = Debug|Any CPU
		{BE6A32EC-A153-4449-B2CC-D0C6F6D1B6F3}.Debug|Any CPU.Build.0 = Debug|Any CPU
		{BE6A32EC-A153-4449-B2CC-D0C6F6D1B6F3}.Release|Any CPU.ActiveCfg = Release|Any CPU
		{BE6A32EC-A153-4449-B2CC-D0C6F6D1B6F3}.Release|Any CPU.Build.0 = Release|Any CPU
		{E26D0533-92E9-4A6E-8A94-DF62732B32C4}.Debug|Any CPU.ActiveCfg = Debug|Any CPU
		{E26D0533-92E9-4A6E-8A94-DF62732B32C4}.Debug|Any CPU.Build.0 = Debug|Any CPU
		{E26D0533-92E9-4A6E-8A94-DF62732B32C4}.Release|Any CPU.ActiveCfg = Release|Any CPU
		{E26D0533-92E9-4A6E-8A94-DF62732B32C4}.Release|Any CPU.Build.0 = Release|Any CPU
		{8328C518-1DCE-4A3F-A316-995912C7627B}.Debug|Any CPU.ActiveCfg = Debug|Any CPU
		{8328C518-1DCE-4A3F-A316-995912C7627B}.Debug|Any CPU.Build.0 = Debug|Any CPU
		{8328C518-1DCE-4A3F-A316-995912C7627B}.Release|Any CPU.ActiveCfg = Release|Any CPU
		{8328C518-1DCE-4A3F-A316-995912C7627B}.Release|Any CPU.Build.0 = Release|Any CPU
	EndGlobalSection
	GlobalSection(SolutionProperties) = preSolution
		HideSolutionNode = FALSE
	EndGlobalSection
	GlobalSection(ExtensibilityGlobals) = postSolution
		SolutionGuid = {7C28FB5F-2E9E-4424-9EBC-DC4B728A14F7}
	EndGlobalSection
EndGlobal
